# This file was autogenerated by Stack.
# You should not edit this file by hand.
# For more information, please see the documentation at:
#   https://docs.haskellstack.org/en/stable/lock_files

packages:
- completed:
    hackage: newtype-generics-0.5.3@sha256:1b3152921e4a8d8d0e635c30b82a8f4c4cd31d0e7063a81e06e81c4e03e696be,2121
    pantry-tree:
      size: 561
      sha256: d2563b948b0097bcc2e691e17d9898727e4bae516a520cf43e31ab35866f12cf
  original:
    hackage: newtype-generics-0.5.3
snapshots:
- completed:
    size: 489681
    url: https://raw.githubusercontent.com/commercialhaskell/stackage-snapshots/master/nightly/2018/12/17.yaml
    sha256: e3b1fe117751a317a13ba2498ac4a3895059369312ba43f61be90ce94afe351e
  original: nightly-2018-12-17
