# This file was autogenerated by Stack.
# You should not edit this file by hand.
# For more information, please see the documentation at:
#   https://docs.haskellstack.org/en/stable/lock_files

packages:
- completed:
    hackage: newtype-generics-0.5.3@sha256:1b3152921e4a8d8d0e635c30b82a8f4c4cd31d0e7063a81e06e81c4e03e696be,2121
    pantry-tree:
      size: 561
      sha256: d2563b948b0097bcc2e691e17d9898727e4bae516a520cf43e31ab35866f12cf
  original:
    hackage: newtype-generics-0.5.3
snapshots:
- completed:
    size: 523700
    url: https://raw.githubusercontent.com/commercialhaskell/stackage-snapshots/master/lts/14/7.yaml
    sha256: 8e3f3c894be74d71fa4bf085e0a8baae7e4d7622d07ea31a52736b80f8b9bb1a
  original: lts-14.7
